
Microsoft Visual Studio Solution File, Format Version 12.00
# Visual Studio Version 17
VisualStudioVersion = 17.11.35222.181
MinimumVisualStudioVersion = 10.0.40219.1
Project("{9A19103F-16F7-4668-BE54-9A1E7A4F7556}") = "EMRProject455-JohnsonPraskaHoornaertVinchattle", "Project-JohnsonPraska\EMRProject455-JohnsonPraskaHoornaertVinchattle.csproj", "{7C287391-16BF-459B-8780-2577981B69CF}"
EndProject
Global
	GlobalSection(SolutionConfigurationPlatforms) = preSolution
		Debug|Any CPU = Debug|Any CPU
		Release|Any CPU = Release|Any CPU
	EndGlobalSection
	GlobalSection(ProjectConfigurationPlatforms) = postSolution
		{7C287391-16BF-459B-8780-2577981B69CF}.Debug|Any CPU.ActiveCfg = Debug|Any CPU
		{7C287391-16BF-459B-8780-2577981B69CF}.Debug|Any CPU.Build.0 = Debug|Any CPU
		{7C287391-16BF-459B-8780-2577981B69CF}.Release|Any CPU.ActiveCfg = Release|Any CPU
		{7C287391-16BF-459B-8780-2577981B69CF}.Release|Any CPU.Build.0 = Release|Any CPU
	EndGlobalSection
	GlobalSection(SolutionProperties) = preSolution
		HideSolutionNode = FALSE
	EndGlobalSection
	GlobalSection(ExtensibilityGlobals) = postSolution
		SolutionGuid = {7930909C-E3F3-499C-8D90-0CDD7C568A4C}
	EndGlobalSection
EndGlobal
